# This file is automatically @generated by Cargo.
# It is not intended for manual editing.
version = 4

[[package]]
name = "cpubits"
version = "0.1.0-rc.1"
source = "registry+https://github.com/rust-lang/crates.io-index"
checksum = "251aaca52dbc19119279d9364222e188ffdf48006791040bfd002617ab0ebc41"

[[package]]
name = "cpufeatures"
version = "0.2.17"
source = "registry+https://github.com/rust-lang/crates.io-index"
checksum = "59ed5838eebb26a2bb2e58f6d5b5316989ae9d08bab10e0e6d103e656d1b0280"
dependencies = [
 "libc",
]

[[package]]
name = "crypto-common"
version = "0.2.0-rc.13"
source = "registry+https://github.com/rust-lang/crates.io-index"
checksum = "c7722afd27468475c9b6063dc03a57ef2ca833816981619f8ebe64d38d207eef"
dependencies = [
 "hybrid-array",
]

[[package]]
name = "ghash"
version = "0.6.0-rc.3"
dependencies = [
 "hex-literal",
 "polyval",
 "zeroize",
]

[[package]]
name = "hex-literal"
version = "1.1.0"
source = "registry+https://github.com/rust-lang/crates.io-index"
checksum = "e712f64ec3850b98572bffac52e2c6f282b29fe6c5fa6d42334b30be438d95c1"

[[package]]
name = "hybrid-array"
version = "0.4.6"
source = "registry+https://github.com/rust-lang/crates.io-index"
checksum = "b41fb3dc24fe72c2e3a4685eed55917c2fb228851257f4a8f2d985da9443c3e5"
dependencies = [
 "typenum",
]

[[package]]
name = "libc"
version = "0.2.180"
source = "registry+https://github.com/rust-lang/crates.io-index"
checksum = "bcc35a38544a891a5f7c865aca548a982ccb3b8650a5b06d0fd33a10283c56fc"

[[package]]
name = "poly1305"
version = "0.9.0-rc.3"
dependencies = [
 "cpufeatures",
 "hex-literal",
 "universal-hash",
 "zeroize",
]

[[package]]
name = "polyval"
version = "0.7.0-rc.5"
dependencies = [
 "cpubits",
 "cpufeatures",
 "hex-literal",
 "universal-hash",
 "zeroize",
]

[[package]]
name = "subtle"
version = "2.6.1"
source = "registry+https://github.com/rust-lang/crates.io-index"
checksum = "13c2bddecc57b384dee18652358fb23172facb8a2c51ccc10d74c157bdea3292"

[[package]]
name = "typenum"
version = "1.19.0"
source = "registry+https://github.com/rust-lang/crates.io-index"
checksum = "562d481066bde0658276a35467c4af00bdc6ee726305698a55b86e61d7ad82bb"

[[package]]
name = "universal-hash"
version = "0.6.0-rc.8"
source = "registry+https://github.com/rust-lang/crates.io-index"
checksum = "82084f2919885ea910502c74f0a362827aaad3d28d142ca97448bfb39c7e271a"
dependencies = [
 "crypto-common",
 "subtle",
]

[[package]]
name = "zeroize"
version = "1.8.2"
source = "registry+https://github.com/rust-lang/crates.io-index"
checksum = "b97154e67e32c85465826e8bcc1c59429aaaf107c1e4a9e53c8d8ccd5eff88d0"
