# This file is automatically @generated by Cargo.
# It is not intended for manual editing.
version = 4

[[package]]
name = "cfg-if"
version = "1.0.0"
source = "registry+https://github.com/rust-lang/crates.io-index"
checksum = "baf1de4339761588bc0619e3cbc0120ee582ebb74b53b4efbf79117bd2da40fd"

[[package]]
name = "cpufeatures"
version = "0.2.17"
source = "registry+https://github.com/rust-lang/crates.io-index"
checksum = "59ed5838eebb26a2bb2e58f6d5b5316989ae9d08bab10e0e6d103e656d1b0280"
dependencies = [
 "libc",
]

[[package]]
name = "crypto-common"
version = "0.2.0-rc.2"
source = "git+https://github.com/RustCrypto/traits#f8aa068be3e64ba8970107042f21605b237754ac"
dependencies = [
 "hybrid-array",
]

[[package]]
name = "ghash"
version = "0.6.0-rc.0"
dependencies = [
 "hex-literal",
 "opaque-debug",
 "polyval",
 "zeroize",
]

[[package]]
name = "hex-literal"
version = "1.0.0"
source = "registry+https://github.com/rust-lang/crates.io-index"
checksum = "bcaaec4551594c969335c98c903c1397853d4198408ea609190f420500f6be71"

[[package]]
name = "hybrid-array"
version = "0.3.0"
source = "registry+https://github.com/rust-lang/crates.io-index"
checksum = "4dab50e193aebe510fe0e40230145820e02f48dae0cf339ea4204e6e708ff7bd"
dependencies = [
 "typenum",
]

[[package]]
name = "libc"
version = "0.2.170"
source = "registry+https://github.com/rust-lang/crates.io-index"
checksum = "875b3680cb2f8f71bdcf9a30f38d48282f5d3c95cbf9b3fa57269bb5d5c06828"

[[package]]
name = "opaque-debug"
version = "0.3.1"
source = "registry+https://github.com/rust-lang/crates.io-index"
checksum = "c08d65885ee38876c4f86fa503fb49d7b507c2b62552df7c70b2fce627e06381"

[[package]]
name = "poly1305"
version = "0.9.0-rc.0"
dependencies = [
 "cpufeatures",
 "hex-literal",
 "opaque-debug",
 "universal-hash",
 "zeroize",
]

[[package]]
name = "polyval"
version = "0.7.0-rc.0"
dependencies = [
 "cfg-if",
 "cpufeatures",
 "hex-literal",
 "opaque-debug",
 "universal-hash",
 "zeroize",
]

[[package]]
name = "subtle"
version = "2.6.1"
source = "registry+https://github.com/rust-lang/crates.io-index"
checksum = "13c2bddecc57b384dee18652358fb23172facb8a2c51ccc10d74c157bdea3292"

[[package]]
name = "typenum"
version = "1.18.0"
source = "registry+https://github.com/rust-lang/crates.io-index"
checksum = "1dccffe3ce07af9386bfd29e80c0ab1a8205a2fc34e4bcd40364df902cfa8f3f"

[[package]]
name = "universal-hash"
version = "0.6.0-rc.0"
source = "git+https://github.com/RustCrypto/traits#f8aa068be3e64ba8970107042f21605b237754ac"
dependencies = [
 "crypto-common",
 "subtle",
]

[[package]]
name = "zeroize"
version = "1.8.1"
source = "registry+https://github.com/rust-lang/crates.io-index"
checksum = "ced3678a2879b30306d323f4542626697a464a97c0a07c9aebf7ebca65cd4dde"
